// !$*UTF8*$!
{
	archiveVersion = 1;
	classes = {
	};
	objectVersion = 46;
	objects = {

/* Begin PBXBuildFile section */
		C21C7E2C1E4AB1C60024474E /* StockTableViewCell.swift in Sources */ = {isa = PBXBuildFile; fileRef = C21C7E2B1E4AB1C60024474E /* StockTableViewCell.swift */; };
		C2B1515C1E4AB78A00D682D8 /* StockTableViewController.swift in Sources */ = {isa = PBXBuildFile; fileRef = C2B1515A1E4AB78A00D682D8 /* StockTableViewController.swift */; };
		C2B1515D1E4AB78A00D682D8 /* StockTableViewController.xib in Resources */ = {isa = PBXBuildFile; fileRef = C2B1515B1E4AB78A00D682D8 /* StockTableViewController.xib */; };
		C2CFE2021E412340007C8894 /* AppDelegate.swift in Sources */ = {isa = PBXBuildFile; fileRef = C2CFE2011E412340007C8894 /* AppDelegate.swift */; };
		C2CFE2071E412340007C8894 /* Main.storyboard in Resources */ = {isa = PBXBuildFile; fileRef = C2CFE2051E412340007C8894 /* Main.storyboard */; };
		C2CFE2091E412340007C8894 /* Assets.xcassets in Resources */ = {isa = PBXBuildFile; fileRef = C2CFE2081E412340007C8894 /* Assets.xcassets */; };
		C2CFE20C1E412340007C8894 /* LaunchScreen.storyboard in Resources */ = {isa = PBXBuildFile; fileRef = C2CFE20A1E412340007C8894 /* LaunchScreen.storyboard */; };
		C2CFE2171E412340007C8894 /* StockWatcherTests.swift in Sources */ = {isa = PBXBuildFile; fileRef = C2CFE2161E412340007C8894 /* StockWatcherTests.swift */; };
		C2CFE2221E412340007C8894 /* StockWatcherUITests.swift in Sources */ = {isa = PBXBuildFile; fileRef = C2CFE2211E412340007C8894 /* StockWatcherUITests.swift */; };
		C2F5D4DE1E44F0BE009824F1 /* StocksViewController.swift in Sources */ = {isa = PBXBuildFile; fileRef = C2F5D4DD1E44F0BE009824F1 /* StocksViewController.swift */; };
		C2F5D4E01E44F4BB009824F1 /* Stock.swift in Sources */ = {isa = PBXBuildFile; fileRef = C2F5D4DF1E44F4BB009824F1 /* Stock.swift */; };
/* End PBXBuildFile section */

/* Begin PBXContainerItemProxy section */